// !$*UTF8*$!
{
	archiveVersion = 1;
	classes = {
	};
	objectVersion = 77;
	objects = {

/* Begin PBXContainerItemProxy section */
		6A3859D02D54574E00504202 /* PBXContainerItemProxy */ = {
			isa = PBXContainerItemProxy;
			containerPortal = 6A3859B22D54574D00504202 /* Project object */;
			proxyType = 1;
			remoteGlobalIDString = 6A3859B92D54574D00504202;
			remoteInfo = mtg_statistics_mobile;
		};
		6A3859DA2D54574E00504202 /* PBXContainerItemProxy */ = {
			isa = PBXContainerItemProxy;
			containerPortal = 6A3859B22D54574D00504202 /* Project object */;
			proxyType = 1;
			remoteGlobalIDString = 6A3859B92D54574D00504202;
			remoteInfo = mtg_statistics_mobile;
		};
/* End PBXContainerItemProxy section */

/* Begin PBXFileReference section */
		6A3859BA2D54574D00504202 /* mtg_statistics_mobile.app */ = {isa = PBXFileReference; explicitFileType = wrapper.application; includeInIndex = 0; path = mtg_statistics_mobile.app; sourceTree = BUILT_PRODUCTS_DIR; };
		6A3859CF2D54574E00504202 /* mtg_statistics_mobileTests.xctest */ = {isa = PBXFileReference; explicitFileType = wrapper.cfbundle; includeInIndex = 0; path = mtg_statistics_mobileTests.xctest; sourceTree = BUILT_PRODUCTS_DIR; };
		6A3859D92D54574E00504202 /* mtg_statistics_mobileUITests.xctest */ = {isa = PBXFileReference; explicitFileType = wrapper.cfbundle; includeInIndex = 0; path = mtg_statistics_mobileUITests.xctest; sourceTree = BUILT_PRODUCTS_DIR; };
/* End PBXFileReference section */

/* Begin PBXFileSystemSynchronizedRootGroup section */
		6A3859BC2D54574D00504202 /* mtg_statistics_mobile */ = {
			isa = PBXFileSystemSynchronizedRootGroup;
			path = mtg_statistics_mobile;
			sourceTree = "<group>";
		};
		6A3859D22D54574E00504202 /* mtg_statistics_mobileTests */ = {
			isa = PBXFileSystemSynchronizedRootGroup;
			path = mtg_statistics_mobileTests;
			sourceTree = "<group>";
		};
		6A3859DC2D54574E00504202 /* mtg_statistics_mobileUITests */ = {
			isa = PBXFileSystemSynchronizedRootGroup;
			path = mtg_statistics_mobileUITests;
			sourceTree = "<group>";
		};
/* End PBXFileSystemSynchronizedRootGroup section */

/* Begin PBXFrameworksBuildPhase section */
		6A3859B72D54574D00504202 /* Frameworks */ = {
			isa = PBXFrameworksBuildPhase;
			buildActionMask = 2147483647;
			files = (
			);
			runOnlyForDeploymentPostprocessing = 0;
		};
		6A3859CC2D54574E00504202 /* Frameworks */ = {
			isa = PBXFrameworksBuildPhase;
			buildActionMask = 2147483647;
			files = (
			);
			runOnlyForDeploymentPostprocessing = 0;
		};
		6A3859D62D54574E00504202 /* Frameworks */ = {
			isa = PBXFrameworksBuildPhase;
			buildActionMask = 2147483647;
			files = (
			);
			runOnlyForDeploymentPostprocessing = 0;
		};
/* End PBXFrameworksBuildPhase section */

/* Begin PBXGroup section */
		6A3859B12D54574D00504202 = {
			isa = PBXGroup;
			children = (
				6A3859BC2D54574D00504202 /* mtg_statistics_mobile */,
				6A3859D22D54574E00504202 /* mtg_statistics_mobileTests */,
				6A3859DC2D54574E00504202 /* mtg_statistics_mobileUITests */,
				6A3859BB2D54574D00504202 /* Products */,
			);
			sourceTree = "<group>";
		};
		6A3859BB2D54574D00504202 /* Products */ = {
			isa = PBXGroup;
			children = (
				6A3859BA2D54574D00504202 /* mtg_statistics_mobile.app */,
				6A3859CF2D54574E00504202 /* mtg_statistics_mobileTests.xctest */,
				6A3859D92D54574E00504202 /* mtg_statistics_mobileUITests.xctest */,
			);
			name = Products;
			sourceTree = "<group>";
		};
/* End PBXGroup section */

/* Begin PBXNativeTarget section */
		6A3859B92D54574D00504202 /* mtg_statistics_mobile */ = {
			isa = PBXNativeTarget;
			buildConfigurationList = 6A3859E32D54574E00504202 /* Build configuration list for PBXNativeTarget "mtg_statistics_mobile" */;
			buildPhases = (
				6A3859B62D54574D00504202 /* Sources */,
				6A3859B72D54574D00504202 /* Frameworks */,
				6A3859B82D54574D00504202 /* Resources */,
			);
			buildRules = (
			);
			dependencies = (
			);
			fileSystemSynchronizedGroups = (
				6A3859BC2D54574D00504202 /* mtg_statistics_mobile */,
			);
			name = mtg_statistics_mobile;
			packageProductDependencies = (
			);
			productName = mtg_statistics_mobile;
			productReference = 6A3859BA2D54574D00504202 /* mtg_statistics_mobile.app */;
			productType = "com.apple.product-type.application";
		};
		6A3859CE2D54574E00504202 /* mtg_statistics_mobileTests */ = {
			isa = PBXNativeTarget;
			buildConfigurationList = 6A3859E62D54574E00504202 /* Build configuration list for PBXNativeTarget "mtg_statistics_mobileTests" */;
			buildPhases = (
				6A3859CB2D54574E00504202 /* Sources */,
				6A3859CC2D54574E00504202 /* Frameworks */,
				6A3859CD2D54574E00504202 /* Resources */,
			);
			buildRules = (
			);
			dependencies = (
				6A3859D12D54574E00504202 /* PBXTargetDependency */,
			);
			fileSystemSynchronizedGroups = (
				6A3859D22D54574E00504202 /* mtg_statistics_mobileTests */,
			);
			name = mtg_statistics_mobileTests;
			packageProductDependencies = (
			);
			productName = mtg_statistics_mobileTests;
			productReference = 6A3859CF2D54574E00504202 /* mtg_statistics_mobileTests.xctest */;
			productType = "com.apple.product-type.bundle.unit-test";
		};
		6A3859D82D54574E00504202 /* mtg_statistics_mobileUITests */ = {
			isa = PBXNativeTarget;
			buildConfigurationList = 6A3859E92D54574E00504202 /* Build configuration list for PBXNativeTarget "mtg_statistics_mobileUITests" */;
			buildPhases = (
				6A3859D52D54574E00504202 /* Sources */,
				6A3859D62D54574E00504202 /* Frameworks */,
				6A3859D72D54574E00504202 /* Resources */,
			);
			buildRules = (
			);
			dependencies = (
				6A3859DB2D54574E00504202 /* PBXTargetDependency */,
			);
			fileSystemSynchronizedGroups = (
				6A3859DC2D54574E00504202 /* mtg_statistics_mobileUITests */,
			);
			name = mtg_statistics_mobileUITests;
			packageProductDependencies = (
			);
			productName = mtg_statistics_mobileUITests;
			productReference = 6A3859D92D54574E00504202 /* mtg_statistics_mobileUITests.xctest */;
			productType = "com.apple.product-type.bundle.ui-testing";
		};
/* End PBXNativeTarget section */

/* Begin PBXProject section */
		6A3859B22D54574D00504202 /* Project object */ = {
			isa = PBXProject;
			attributes = {
				BuildIndependentTargetsInParallel = 1;
				LastSwiftUpdateCheck = 1620;
				LastUpgradeCheck = 1620;
				TargetAttributes = {
					6A3859B92D54574D00504202 = {
						CreatedOnToolsVersion = 16.2;
					};
					6A3859CE2D54574E00504202 = {
						CreatedOnToolsVersion = 16.2;
						TestTargetID = 6A3859B92D54574D00504202;
					};
					6A3859D82D54574E00504202 = {
						CreatedOnToolsVersion = 16.2;
						TestTargetID = 6A3859B92D54574D00504202;
					};
				};
			};
			buildConfigurationList = 6A3859B52D54574D00504202 /* Build configuration list for PBXProject "mtg_statistics_mobile" */;
			developmentRegion = en;
			hasScannedForEncodings = 0;
			knownRegions = (
				en,
				Base,
			);
			mainGroup = 6A3859B12D54574D00504202;
			minimizedProjectReferenceProxies = 1;
			preferredProjectObjectVersion = 77;
			productRefGroup = 6A3859BB2D54574D00504202 /* Products */;
			projectDirPath = "";
			projectRoot = "";
			targets = (
				6A3859B92D54574D00504202 /* mtg_statistics_mobile */,
				6A3859CE2D54574E00504202 /* mtg_statistics_mobileTests */,
				6A3859D82D54574E00504202 /* mtg_statistics_mobileUITests */,
			);
		};
/* End PBXProject section */

/* Begin PBXResourcesBuildPhase section */
		6A3859B82D54574D00504202 /* Resources */ = {
			isa = PBXResourcesBuildPhase;
			buildActionMask = 2147483647;
			files = (
			);
			runOnlyForDeploymentPostprocessing = 0;
		};
		6A3859CD2D54574E00504202 /* Resources */ = {
			isa = PBXResourcesBuildPhase;
			buildActionMask = 2147483647;
			files = (
			);
			runOnlyForDeploymentPostprocessing = 0;
		};
		6A3859D72D54574E00504202 /* Resources */ = {
			isa = PBXResourcesBuildPhase;
			buildActionMask = 2147483647;
			files = (
			);
			runOnlyForDeploymentPostprocessing = 0;
		};
/* End PBXResourcesBuildPhase section */

/* Begin PBXSourcesBuildPhase section */
		6A3859B62D54574D00504202 /* Sources */ = {
			isa = PBXSourcesBuildPhase;
			buildActionMask = 2147483647;
			files = (
			);
			runOnlyForDeploymentPostprocessing = 0;
		};
		6A3859CB2D54574E00504202 /* Sources */ = {
			isa = PBXSourcesBuildPhase;
			buildActionMask = 2147483647;
			files = (
			);
			runOnlyForDeploymentPostprocessing = 0;
		};
		6A3859D52D54574E00504202 /* Sources */ = {
			isa = PBXSourcesBuildPhase;
			buildActionMask = 2147483647;
			files = (
			);
			runOnlyForDeploymentPostprocessing = 0;
		};
/* End PBXSourcesBuildPhase section */

/* Begin PBXTargetDependency section */
		6A3859D12D54574E00504202 /* PBXTargetDependency */ = {
			isa = PBXTargetDependency;
			target = 6A3859B92D54574D00504202 /* mtg_statistics_mobile */;
			targetProxy = 6A3859D02D54574E00504202 /* PBXContainerItemProxy */;
		};
		6A3859DB2D54574E00504202 /* PBXTargetDependency */ = {
			isa = PBXTargetDependency;
			target = 6A3859B92D54574D00504202 /* mtg_statistics_mobile */;
			targetProxy = 6A3859DA2D54574E00504202 /* PBXContainerItemProxy */;
		};
/* End PBXTargetDependency section */

/* Begin XCBuildConfiguration section */
		6A3859E12D54574E00504202 /* Debug */ = {
			isa = XCBuildConfiguration;
			buildSettings = {
				ALWAYS_SEARCH_USER_PATHS = NO;
				ASSETCATALOG_COMPILER_GENERATE_SWIFT_ASSET_SYMBOL_EXTENSIONS = YES;
				CLANG_ANALYZER_NONNULL = YES;
				CLANG_ANALYZER_NUMBER_OBJECT_CONVERSION = YES_AGGRESSIVE;
				CLANG_CXX_LANGUAGE_STANDARD = "gnu++20";
				CLANG_ENABLE_MODULES = YES;
				CLANG_ENABLE_OBJC_ARC = YES;
				CLANG_ENABLE_OBJC_WEAK = YES;
				CLANG_WARN_BLOCK_CAPTURE_AUTORELEASING = YES;
				CLANG_WARN_BOOL_CONVERSION = YES;
				CLANG_WARN_COMMA = YES;
				CLANG_WARN_CONSTANT_CONVERSION = YES;
				CLANG_WARN_DEPRECATED_OBJC_IMPLEMENTATIONS = YES;
				CLANG_WARN_DIRECT_OBJC_ISA_USAGE = YES_ERROR;
				CLANG_WARN_DOCUMENTATION_COMMENTS = YES;
				CLANG_WARN_EMPTY_BODY = YES;
				CLANG_WARN_ENUM_CONVERSION = YES;
				CLANG_WARN_INFINITE_RECURSION = YES;
				CLANG_WARN_INT_CONVERSION = YES;
				CLANG_WARN_NON_LITERAL_NULL_CONVERSION = YES;
				CLANG_WARN_OBJC_IMPLICIT_RETAIN_SELF = YES;
				CLANG_WARN_OBJC_LITERAL_CONVERSION = YES;
				CLANG_WARN_OBJC_ROOT_CLASS = YES_ERROR;
				CLANG_WARN_QUOTED_INCLUDE_IN_FRAMEWORK_HEADER = YES;
				CLANG_WARN_RANGE_LOOP_ANALYSIS = YES;
				CLANG_WARN_STRICT_PROTOTYPES = YES;
				CLANG_WARN_SUSPICIOUS_MOVE = YES;
				CLANG_WARN_UNGUARDED_AVAILABILITY = YES_AGGRESSIVE;
				CLANG_WARN_UNREACHABLE_CODE = YES;
				CLANG_WARN__DUPLICATE_METHOD_MATCH = YES;
				COPY_PHASE_STRIP = NO;
				DEBUG_INFORMATION_FORMAT = dwarf;
				ENABLE_STRICT_OBJC_MSGSEND = YES;
				ENABLE_TESTABILITY = YES;
				ENABLE_USER_SCRIPT_SANDBOXING = YES;
				GCC_C_LANGUAGE_STANDARD = gnu17;
				GCC_DYNAMIC_NO_PIC = NO;
				GCC_NO_COMMON_BLOCKS = YES;
				GCC_OPTIMIZATION_LEVEL = 0;
				GCC_PREPROCESSOR_DEFINITIONS = (
					"DEBUG=1",
					"$(inherited)",
				);
				GCC_WARN_64_TO_32_BIT_CONVERSION = YES;
				GCC_WARN_ABOUT_RETURN_TYPE = YES_ERROR;
				GCC_WARN_UNDECLARED_SELECTOR = YES;
				GCC_WARN_UNINITIALIZED_AUTOS = YES_AGGRESSIVE;
				GCC_WARN_UNUSED_FUNCTION = YES;
				GCC_WARN_UNUSED_VARIABLE = YES;
				IPHONEOS_DEPLOYMENT_TARGET = 18.2;
				LOCALIZATION_PREFERS_STRING_CATALOGS = YES;
				MTL_ENABLE_DEBUG_INFO = INCLUDE_SOURCE;
				MTL_FAST_MATH = YES;
				ONLY_ACTIVE_ARCH = YES;
				SDKROOT = iphoneos;
				SWIFT_ACTIVE_COMPILATION_CONDITIONS = "DEBUG $(inherited)";
				SWIFT_OPTIMIZATION_LEVEL = "-Onone";
			};
			name = Debug;
		};
		6A3859E22D54574E00504202 /* Release */ = {
			isa = XCBuildConfiguration;
			buildSettings = {
				ALWAYS_SEARCH_USER_PATHS = NO;
				ASSETCATALOG_COMPILER_GENERATE_SWIFT_ASSET_SYMBOL_EXTENSIONS = YES;
				CLANG_ANALYZER_NONNULL = YES;
				CLANG_ANALYZER_NUMBER_OBJECT_CONVERSION = YES_AGGRESSIVE;
				CLANG_CXX_LANGUAGE_STANDARD = "gnu++20";
				CLANG_ENABLE_MODULES = YES;
				CLANG_ENABLE_OBJC_ARC = YES;
				CLANG_ENABLE_OBJC_WEAK = YES;
				CLANG_WARN_BLOCK_CAPTURE_AUTORELEASING = YES;
				CLANG_WARN_BOOL_CONVERSION = YES;
				CLANG_WARN_COMMA = YES;
				CLANG_WARN_CONSTANT_CONVERSION = YES;
				CLANG_WARN_DEPRECATED_OBJC_IMPLEMENTATIONS = YES;
				CLANG_WARN_DIRECT_OBJC_ISA_USAGE = YES_ERROR;
				CLANG_WARN_DOCUMENTATION_COMMENTS = YES;
				CLANG_WARN_EMPTY_BODY = YES;
				CLANG_WARN_ENUM_CONVERSION = YES;
				CLANG_WARN_INFINITE_RECURSION = YES;
				CLANG_WARN_INT_CONVERSION = YES;
				CLANG_WARN_NON_LITERAL_NULL_CONVERSION = YES;
				CLANG_WARN_OBJC_IMPLICIT_RETAIN_SELF = YES;
				CLANG_WARN_OBJC_LITERAL_CONVERSION = YES;
				CLANG_WARN_OBJC_ROOT_CLASS = YES_ERROR;
				CLANG_WARN_QUOTED_INCLUDE_IN_FRAMEWORK_HEADER = YES;
				CLANG_WARN_RANGE_LOOP_ANALYSIS = YES;
				CLANG_WARN_STRICT_PROTOTYPES = YES;
				CLANG_WARN_SUSPICIOUS_MOVE = YES;
				CLANG_WARN_UNGUARDED_AVAILABILITY = YES_AGGRESSIVE;
				CLANG_WARN_UNREACHABLE_CODE = YES;
				CLANG_WARN__DUPLICATE_METHOD_MATCH = YES;
				COPY_PHASE_STRIP = NO;
				DEBUG_INFORMATION_FORMAT = "dwarf-with-dsym";
				ENABLE_NS_ASSERTIONS = NO;
				ENABLE_STRICT_OBJC_MSGSEND = YES;
				ENABLE_USER_SCRIPT_SANDBOXING = YES;
				GCC_C_LANGUAGE_STANDARD = gnu17;
				GCC_NO_COMMON_BLOCKS = YES;
				GCC_WARN_64_TO_32_BIT_CONVERSION = YES;
				GCC_WARN_ABOUT_RETURN_TYPE = YES_ERROR;
				GCC_WARN_UNDECLARED_SELECTOR = YES;
				GCC_WARN_UNINITIALIZED_AUTOS = YES_AGGRESSIVE;
				GCC_WARN_UNUSED_FUNCTION = YES;
				GCC_WARN_UNUSED_VARIABLE = YES;
				IPHONEOS_DEPLOYMENT_TARGET = 18.2;
				LOCALIZATION_PREFERS_STRING_CATALOGS = YES;
				MTL_ENABLE_DEBUG_INFO = NO;
				MTL_FAST_MATH = YES;
				SDKROOT = iphoneos;
				SWIFT_COMPILATION_MODE = wholemodule;
				VALIDATE_PRODUCT = YES;
			};
			name = Release;
		};
		6A3859E42D54574E00504202 /* Debug */ = {
			isa = XCBuildConfiguration;
			buildSettings = {
				ASSETCATALOG_COMPILER_APPICON_NAME = AppIcon;
				ASSETCATALOG_COMPILER_GLOBAL_ACCENT_COLOR_NAME = AccentColor;
				CODE_SIGN_STYLE = Automatic;
				CURRENT_PROJECT_VERSION = 1;
				DEVELOPMENT_ASSET_PATHS = "\"mtg_statistics_mobile/Preview Content\"";
				DEVELOPMENT_TEAM = G8D2ZVNTTG;
				ENABLE_PREVIEWS = YES;
				GENERATE_INFOPLIST_FILE = YES;
				INFOPLIST_KEY_UIApplicationSceneManifest_Generation = YES;
				INFOPLIST_KEY_UIApplicationSupportsIndirectInputEvents = YES;
				INFOPLIST_KEY_UILaunchScreen_Generation = YES;
				INFOPLIST_KEY_UISupportedInterfaceOrientations_iPad = "UIInterfaceOrientationPortrait UIInterfaceOrientationPortraitUpsideDown UIInterfaceOrientationLandscapeLeft UIInterfaceOrientationLandscapeRight";
				INFOPLIST_KEY_UISupportedInterfaceOrientations_iPhone = "UIInterfaceOrientationPortrait UIInterfaceOrientationLandscapeLeft UIInterfaceOrientationLandscapeRight";
				LD_RUNPATH_SEARCH_PATHS = (
					"$(inherited)",
					"@executable_path/Frameworks",
				);
				MARKETING_VERSION = 1.0;
				PRODUCT_BUNDLE_IDENTIFIER = "mtg-statistic.mtg-statistics-mobile";
				PRODUCT_NAME = "$(TARGET_NAME)";
				SWIFT_EMIT_LOC_STRINGS = YES;
				SWIFT_VERSION = 5.0;
				TARGETED_DEVICE_FAMILY = "1,2";
			};
			name = Debug;
		};
		6A3859E52D54574E00504202 /* Release */ = {
			isa = XCBuildConfiguration;
			buildSettings = {
				ASSETCATALOG_COMPILER_APPICON_NAME = AppIcon;
				ASSETCATALOG_COMPILER_GLOBAL_ACCENT_COLOR_NAME = AccentColor;
				CODE_SIGN_STYLE = Automatic;
				CURRENT_PROJECT_VERSION = 1;
				DEVELOPMENT_ASSET_PATHS = "\"mtg_statistics_mobile/Preview Content\"";
				DEVELOPMENT_TEAM = G8D2ZVNTTG;
				ENABLE_PREVIEWS = YES;
				GENERATE_INFOPLIST_FILE = YES;
				INFOPLIST_KEY_UIApplicationSceneManifest_Generation = YES;
				INFOPLIST_KEY_UIApplicationSupportsIndirectInputEvents = YES;
				INFOPLIST_KEY_UILaunchScreen_Generation = YES;
				INFOPLIST_KEY_UISupportedInterfaceOrientations_iPad = "UIInterfaceOrientationPortrait UIInterfaceOrientationPortraitUpsideDown UIInterfaceOrientationLandscapeLeft UIInterfaceOrientationLandscapeRight";
				INFOPLIST_KEY_UISupportedInterfaceOrientations_iPhone = "UIInterfaceOrientationPortrait UIInterfaceOrientationLandscapeLeft UIInterfaceOrientationLandscapeRight";
				LD_RUNPATH_SEARCH_PATHS = (
					"$(inherited)",
					"@executable_path/Frameworks",
				);
				MARKETING_VERSION = 1.0;
				PRODUCT_BUNDLE_IDENTIFIER = "mtg-statistic.mtg-statistics-mobile";
				PRODUCT_NAME = "$(TARGET_NAME)";
				SWIFT_EMIT_LOC_STRINGS = YES;
				SWIFT_VERSION = 5.0;
				TARGETED_DEVICE_FAMILY = "1,2";
			};
			name = Release;
		};
		6A3859E72D54574E00504202 /* Debug */ = {
			isa = XCBuildConfiguration;
			buildSettings = {
				BUNDLE_LOADER = "$(TEST_HOST)";
				CODE_SIGN_STYLE = Automatic;
				CURRENT_PROJECT_VERSION = 1;
				DEVELOPMENT_TEAM = G8D2ZVNTTG;
				GENERATE_INFOPLIST_FILE = YES;
				IPHONEOS_DEPLOYMENT_TARGET = 18.2;
				MARKETING_VERSION = 1.0;
				PRODUCT_BUNDLE_IDENTIFIER = "mtg-statistic.mtg-statistics-mobileTests";
				PRODUCT_NAME = "$(TARGET_NAME)";
				SWIFT_EMIT_LOC_STRINGS = NO;
				SWIFT_VERSION = 5.0;
				TARGETED_DEVICE_FAMILY = "1,2";
				TEST_HOST = "$(BUILT_PRODUCTS_DIR)/mtg_statistics_mobile.app/$(BUNDLE_EXECUTABLE_FOLDER_PATH)/mtg_statistics_mobile";
			};
			name = Debug;
		};
		6A3859E82D54574E00504202 /* Release */ = {
			isa = XCBuildConfiguration;
			buildSettings = {
				BUNDLE_LOADER = "$(TEST_HOST)";
				CODE_SIGN_STYLE = Automatic;
				CURRENT_PROJECT_VERSION = 1;
				DEVELOPMENT_TEAM = G8D2ZVNTTG;
				GENERATE_INFOPLIST_FILE = YES;
				IPHONEOS_DEPLOYMENT_TARGET = 18.2;
				MARKETING_VERSION = 1.0;
				PRODUCT_BUNDLE_IDENTIFIER = "mtg-statistic.mtg-statistics-mobileTests";
				PRODUCT_NAME = "$(TARGET_NAME)";
				SWIFT_EMIT_LOC_STRINGS = NO;
				SWIFT_VERSION = 5.0;
				TARGETED_DEVICE_FAMILY = "1,2";
				TEST_HOST = "$(BUILT_PRODUCTS_DIR)/mtg_statistics_mobile.app/$(BUNDLE_EXECUTABLE_FOLDER_PATH)/mtg_statistics_mobile";
			};
			name = Release;
		};
		6A3859EA2D54574E00504202 /* Debug */ = {
			isa = XCBuildConfiguration;
			buildSettings = {
				CODE_SIGN_STYLE = Automatic;
				CURRENT_PROJECT_VERSION = 1;
				DEVELOPMENT_TEAM = G8D2ZVNTTG;
				GENERATE_INFOPLIST_FILE = YES;
				MARKETING_VERSION = 1.0;
				PRODUCT_BUNDLE_IDENTIFIER = "mtg-statistic.mtg-statistics-mobileUITests";
				PRODUCT_NAME = "$(TARGET_NAME)";
				SWIFT_EMIT_LOC_STRINGS = NO;
				SWIFT_VERSION = 5.0;
				TARGETED_DEVICE_FAMILY = "1,2";
				TEST_TARGET_NAME = mtg_statistics_mobile;
			};
			name = Debug;
		};
		6A3859EB2D54574E00504202 /* Release */ = {
			isa = XCBuildConfiguration;
			buildSettings = {
				CODE_SIGN_STYLE = Automatic;
				CURRENT_PROJECT_VERSION = 1;
				DEVELOPMENT_TEAM = G8D2ZVNTTG;
				GENERATE_INFOPLIST_FILE = YES;
				MARKETING_VERSION = 1.0;
				PRODUCT_BUNDLE_IDENTIFIER = "mtg-statistic.mtg-statistics-mobileUITests";
				PRODUCT_NAME = "$(TARGET_NAME)";
				SWIFT_EMIT_LOC_STRINGS = NO;
				SWIFT_VERSION = 5.0;
				TARGETED_DEVICE_FAMILY = "1,2";
				TEST_TARGET_NAME = mtg_statistics_mobile;
			};
			name = Release;
		};
/* End XCBuildConfiguration section */

/* Begin XCConfigurationList section */
		6A3859B52D54574D00504202 /* Build configuration list for PBXProject "mtg_statistics_mobile" */ = {
			isa = XCConfigurationList;
			buildConfigurations = (
				6A3859E12D54574E00504202 /* Debug */,
				6A3859E22D54574E00504202 /* Release */,
			);
			defaultConfigurationIsVisible = 0;
			defaultConfigurationName = Release;
		};
		6A3859E32D54574E00504202 /* Build configuration list for PBXNativeTarget "mtg_statistics_mobile" */ = {
			isa = XCConfigurationList;
			buildConfigurations = (
				6A3859E42D54574E00504202 /* Debug */,
				6A3859E52D54574E00504202 /* Release */,
			);
			defaultConfigurationIsVisible = 0;
			defaultConfigurationName = Release;
		};
		6A3859E62D54574E00504202 /* Build configuration list for PBXNativeTarget "mtg_statistics_mobileTests" */ = {
			isa = XCConfigurationList;
			buildConfigurations = (
				6A3859E72D54574E00504202 /* Debug */,
				6A3859E82D54574E00504202 /* Release */,
			);
			defaultConfigurationIsVisible = 0;
			defaultConfigurationName = Release;
		};
		6A3859E92D54574E00504202 /* Build configuration list for PBXNativeTarget "mtg_statistics_mobileUITests" */ = {
			isa = XCConfigurationList;
			buildConfigurations = (
				6A3859EA2D54574E00504202 /* Debug */,
				6A3859EB2D54574E00504202 /* Release */,
			);
			defaultConfigurationIsVisible = 0;
			defaultConfigurationName = Release;
		};
/* End XCConfigurationList section */
	};
	rootObject = 6A3859B22D54574D00504202 /* Project object */;
}
